
Microsoft Visual Studio Solution File, Format Version 11.00
# Visual Studio 2010
Project("{FAE04EC0-301F-11D3-BF4B-00C04F79EFBC}") = "Assembly-CSharp", "Assembly-CSharp.csproj", "{bd61d4b9-cba8-2aa9-1509-21728e64e2fe}"
EndProject
Project("{FAE04EC0-301F-11D3-BF4B-00C04F79EFBC}") = "Assembly-CSharp", "Assembly-CSharp.Player.csproj", "{6a4ec76f-6fce-fab0-5848-2cb6e55b981c}"
EndProject
Global
	GlobalSection(SolutionConfigurationPlatforms) = preSolution
		Debug|Any CPU = Debug|Any CPU
	EndGlobalSection
	GlobalSection(ProjectConfigurationPlatforms) = postSolution
		{bd61d4b9-cba8-2aa9-1509-21728e64e2fe}.Debug|Any CPU.ActiveCfg = Debug|Any CPU
		{bd61d4b9-cba8-2aa9-1509-21728e64e2fe}.Debug|Any CPU.Build.0 = Debug|Any CPU
		{6a4ec76f-6fce-fab0-5848-2cb6e55b981c}.Debug|Any CPU.ActiveCfg = Debug|Any CPU
		{6a4ec76f-6fce-fab0-5848-2cb6e55b981c}.Debug|Any CPU.Build.0 = Debug|Any CPU
	EndGlobalSection
	GlobalSection(SolutionProperties) = preSolution
		HideSolutionNode = FALSE
	EndGlobalSection
EndGlobal
